
Microsoft Visual Studio Solution File, Format Version 12.00
# Visual Studio Version 17
VisualStudioVersion = 17.11.35327.3
MinimumVisualStudioVersion = 10.0.40219.1
Project("{9A19103F-16F7-4668-BE54-9A1E7A4F7556}") = "ADOGrunder", "ADOGrunder\ADOGrunder.csproj", "{3F47089F-76E3-4FEC-8A6C-6DAD70537B3D}"
EndProject
Project("{9A19103F-16F7-4668-BE54-9A1E7A4F7556}") = "Ado1", "Ado1\Ado1.csproj", "{377D3F41-6BFA-41DD-8B88-A10EBEB38F88}"
EndProject
Project("{FAE04EC0-301F-11D3-BF4B-00C04F79EFBC}") = "DemoADOInsert", "DemoADOInsert\DemoADOInsert.csproj", "{7654C4ED-A8E5-4BC3-9162-36C999E8098A}"
EndProject
Global
	GlobalSection(SolutionConfigurationPlatforms) = preSolution
		Debug|Any CPU = Debug|Any CPU
		Release|Any CPU = Release|Any CPU
	EndGlobalSection
	GlobalSection(ProjectConfigurationPlatforms) = postSolution
		{3F47089F-76E3-4FEC-8A6C-6DAD70537B3D}.Debug|Any CPU.ActiveCfg = Debug|Any CPU
		{3F47089F-76E3-4FEC-8A6C-6DAD70537B3D}.Debug|Any CPU.Build.0 = Debug|Any CPU
		{3F47089F-76E3-4FEC-8A6C-6DAD70537B3D}.Release|Any CPU.ActiveCfg = Release|Any CPU
		{3F47089F-76E3-4FEC-8A6C-6DAD70537B3D}.Release|Any CPU.Build.0 = Release|Any CPU
		{377D3F41-6BFA-41DD-8B88-A10EBEB38F88}.Debug|Any CPU.ActiveCfg = Debug|Any CPU
		{377D3F41-6BFA-41DD-8B88-A10EBEB38F88}.Debug|Any CPU.Build.0 = Debug|Any CPU
		{377D3F41-6BFA-41DD-8B88-A10EBEB38F88}.Release|Any CPU.ActiveCfg = Release|Any CPU
		{377D3F41-6BFA-41DD-8B88-A10EBEB38F88}.Release|Any CPU.Build.0 = Release|Any CPU
		{7654C4ED-A8E5-4BC3-9162-36C999E8098A}.Debug|Any CPU.ActiveCfg = Debug|Any CPU
		{7654C4ED-A8E5-4BC3-9162-36C999E8098A}.Debug|Any CPU.Build.0 = Debug|Any CPU
		{7654C4ED-A8E5-4BC3-9162-36C999E8098A}.Release|Any CPU.ActiveCfg = Release|Any CPU
		{7654C4ED-A8E5-4BC3-9162-36C999E8098A}.Release|Any CPU.Build.0 = Release|Any CPU
	EndGlobalSection
	GlobalSection(SolutionProperties) = preSolution
		HideSolutionNode = FALSE
	EndGlobalSection
	GlobalSection(ExtensibilityGlobals) = postSolution
		SolutionGuid = {F2D4778F-CF42-4BA7-808E-8CEB9A3DC856}
	EndGlobalSection
EndGlobal
