
Microsoft Visual Studio Solution File, Format Version 12.00
# Visual Studio Version 17
VisualStudioVersion = 17.11.35327.3
MinimumVisualStudioVersion = 10.0.40219.1
Project("{FAE04EC0-301F-11D3-BF4B-00C04F79EFBC}") = "ADOGrunder", "ADOGrunder\ADOGrunder.csproj", "{3F47089F-76E3-4FEC-8A6C-6DAD70537B3D}"
EndProject
Global
	GlobalSection(SolutionConfigurationPlatforms) = preSolution
		Debug|Any CPU = Debug|Any CPU
		Release|Any CPU = Release|Any CPU
	EndGlobalSection
	GlobalSection(ProjectConfigurationPlatforms) = postSolution
		{3F47089F-76E3-4FEC-8A6C-6DAD70537B3D}.Debug|Any CPU.ActiveCfg = Debug|Any CPU
		{3F47089F-76E3-4FEC-8A6C-6DAD70537B3D}.Debug|Any CPU.Build.0 = Debug|Any CPU
		{3F47089F-76E3-4FEC-8A6C-6DAD70537B3D}.Release|Any CPU.ActiveCfg = Release|Any CPU
		{3F47089F-76E3-4FEC-8A6C-6DAD70537B3D}.Release|Any CPU.Build.0 = Release|Any CPU
	EndGlobalSection
	GlobalSection(SolutionProperties) = preSolution
		HideSolutionNode = FALSE
	EndGlobalSection
	GlobalSection(ExtensibilityGlobals) = postSolution
		SolutionGuid = {F2D4778F-CF42-4BA7-808E-8CEB9A3DC856}
	EndGlobalSection
EndGlobal
